Microsoft Visual Studio Solution File, Format Version 12.00
# Visual Studio Version 17
VisualStudioVersion = 17.5.2.0
MinimumVisualStudioVersion = 10.0.40219.1
Project("{FAE04EC0-301F-11D3-BF4B-00C04F79EFBC}") = "VisualizationApp", "VisualizationApp\VisualizationApp.csproj", "{495BC89C-8B30-3DCA-19B8-029623814909}"
EndProject
Global
	GlobalSection(SolutionConfigurationPlatforms) = preSolution
		Debug|Any CPU = Debug|Any CPU
		Release|Any CPU = Release|Any CPU
	EndGlobalSection
	GlobalSection(ProjectConfigurationPlatforms) = postSolution
		{495BC89C-8B30-3DCA-19B8-029623814909}.Debug|Any CPU.ActiveCfg = Debug|Any CPU
		{495BC89C-8B30-3DCA-19B8-029623814909}.Debug|Any CPU.Build.0 = Debug|Any CPU
		{495BC89C-8B30-3DCA-19B8-029623814909}.Release|Any CPU.ActiveCfg = Release|Any CPU
		{495BC89C-8B30-3DCA-19B8-029623814909}.Release|Any CPU.Build.0 = Release|Any CPU
	EndGlobalSection
	GlobalSection(SolutionProperties) = preSolution
		HideSolutionNode = FALSE
	EndGlobalSection
	GlobalSection(ExtensibilityGlobals) = postSolution
		SolutionGuid = {0F35EB98-F841-4319-81D8-7C6191D42989}
	EndGlobalSection
EndGlobal
